
Microsoft Visual Studio Solution File, Format Version 12.00
# Visual Studio Version 17
VisualStudioVersion = 17.8.34330.188
MinimumVisualStudioVersion = 10.0.40219.1
Project("{9A19103F-16F7-4668-BE54-9A1E7A4F7556}") = "SerachApp", "SerachApp.csproj", "{C352DDCF-AAD9-4023-AFEC-229D58FD1523}"
EndProject
Global
	GlobalSection(SolutionConfigurationPlatforms) = preSolution
		Debug|Any CPU = Debug|Any CPU
		Release|Any CPU = Release|Any CPU
	EndGlobalSection
	GlobalSection(ProjectConfigurationPlatforms) = postSolution
		{C352DDCF-AAD9-4023-AFEC-229D58FD1523}.Debug|Any CPU.ActiveCfg = Debug|Any CPU
		{C352DDCF-AAD9-4023-AFEC-229D58FD1523}.Debug|Any CPU.Build.0 = Debug|Any CPU
		{C352DDCF-AAD9-4023-AFEC-229D58FD1523}.Release|Any CPU.ActiveCfg = Release|Any CPU
		{C352DDCF-AAD9-4023-AFEC-229D58FD1523}.Release|Any CPU.Build.0 = Release|Any CPU
	EndGlobalSection
	GlobalSection(SolutionProperties) = preSolution
		HideSolutionNode = FALSE
	EndGlobalSection
	GlobalSection(ExtensibilityGlobals) = postSolution
		SolutionGuid = {DBE0A18B-86A3-450D-9D4F-63E74AE207B6}
	EndGlobalSection
EndGlobal
